
Microsoft Visual Studio Solution File, Format Version 12.00
# Visual Studio Version 17
VisualStudioVersion = 17.14.37710.0 d17.14
MinimumVisualStudioVersion = 10.0.40219.1
Project("{888888A0-9F3D-457C-B088-3A5042F75D52}") = "Universal Save", "Universal Save.pyproj", "{C77B210C-7920-4114-8257-3C82C13BF1D1}"
EndProject
Global
	GlobalSection(SolutionConfigurationPlatforms) = preSolution
		Debug|Any CPU = Debug|Any CPU
		Release|Any CPU = Release|Any CPU
	EndGlobalSection
	GlobalSection(ProjectConfigurationPlatforms) = postSolution
		{C77B210C-7920-4114-8257-3C82C13BF1D1}.Debug|Any CPU.ActiveCfg = Debug|Any CPU
		{C77B210C-7920-4114-8257-3C82C13BF1D1}.Release|Any CPU.ActiveCfg = Release|Any CPU
	EndGlobalSection
	GlobalSection(SolutionProperties) = preSolution
		HideSolutionNode = FALSE
	EndGlobalSection
	GlobalSection(ExtensibilityGlobals) = postSolution
		SolutionGuid = {3FD524D4-1675-4F7B-82F4-AD6425BAB9D8}
	EndGlobalSection
EndGlobal
